PODS:
  - AppAuth (1.7.5):
    - AppAuth/Core (= 1.7.5)
    - AppAuth/ExternalUserAgent (= 1.7.5)
  - AppAuth/Core (1.7.5)
  - AppAuth/ExternalUserAgent (1.7.5):
    - AppAuth/Core
  - boost (1.76.0)
  - BVLinearGradient (2.8.3):
    - React-Core
  - DoubleConversion (1.1.6)
  - ESPProvision (2.1.2):
    - ESPProvision/Core (= 2.1.2)
  - ESPProvision/Core (2.1.2):
    - SwiftProtobuf (~> 1.22.0)
  - FBLazyVector (0.70.12)
  - FBReactNativeSpec (0.70.12):
    - RCT-Folly (= 2021.07.22.00)
    - RCTRequired (= 0.70.12)
    - RCTTypeSafety (= 0.70.12)
    - React-Core (= 0.70.12)
    - React-jsi (= 0.70.12)
    - ReactCommon/turbomodule/core (= 0.70.12)
  - Firebase (11.2.0):
    - Firebase/Core (= 11.2.0)
  - Firebase/Core (11.2.0):
    - Firebase/CoreOnly
    - FirebaseAnalytics (~> 11.2.0)
  - Firebase/CoreOnly (11.2.0):
    - FirebaseCore (= 11.2.0)
  - FirebaseAnalytics (11.2.0):
    - FirebaseAnalytics/AdIdSupport (= 11.2.0)
    - FirebaseCore (~> 11.0)
    - FirebaseInstallations (~> 11.0)
    - GoogleUtilities/AppDelegateSwizzler (~> 8.0)
    - GoogleUtilities/MethodSwizzler (~> 8.0)
    - GoogleUtilities/Network (~> 8.0)
    - "GoogleUtilities/NSData+zlib (~> 8.0)"
    - nanopb (~> 3.30910.0)
  - FirebaseAnalytics/AdIdSupport (11.2.0):
    - FirebaseCore (~> 11.0)
    - FirebaseInstallations (~> 11.0)
    - GoogleAppMeasurement (= 11.2.0)
    - GoogleUtilities/AppDelegateSwizzler (~> 8.0)
    - GoogleUtilities/MethodSwizzler (~> 8.0)
    - GoogleUtilities/Network (~> 8.0)
    - "GoogleUtilities/NSData+zlib (~> 8.0)"
    - nanopb (~> 3.30910.0)
  - FirebaseCore (11.2.0):
    - FirebaseCoreInternal (~> 11.0)
    - GoogleUtilities/Environment (~> 8.0)
    - GoogleUtilities/Logger (~> 8.0)
  - FirebaseCoreInternal (11.3.0):
    - "GoogleUtilities/NSData+zlib (~> 8.0)"
  - FirebaseInstallations (11.3.0):
    - FirebaseCore (~> 11.0)
    - GoogleUtilities/Environment (~> 8.0)
    - GoogleUtilities/UserDefaults (~> 8.0)
    - PromisesObjC (~> 2.4)
  - fmt (6.2.1)
  - glog (0.3.5)
  - GoogleAppMeasurement (11.2.0):
    - GoogleAppMeasurement/AdIdSupport (= 11.2.0)
    - GoogleUtilities/AppDelegateSwizzler (~> 8.0)
    - GoogleUtilities/MethodSwizzler (~> 8.0)
    - GoogleUtilities/Network (~> 8.0)
    - "GoogleUtilities/NSData+zlib (~> 8.0)"
    - nanopb (~> 3.30910.0)
  - GoogleAppMeasurement/AdIdSupport (11.2.0):
    - GoogleAppMeasurement/WithoutAdIdSupport (= 11.2.0)
    - GoogleUtilities/AppDelegateSwizzler (~> 8.0)
    - GoogleUtilities/MethodSwizzler (~> 8.0)
    - GoogleUtilities/Network (~> 8.0)
    - "GoogleUtilities/NSData+zlib (~> 8.0)"
    - nanopb (~> 3.30910.0)
  - GoogleAppMeasurement/WithoutAdIdSupport (11.2.0):
    - GoogleUtilities/AppDelegateSwizzler (~> 8.0)
    - GoogleUtilities/MethodSwizzler (~> 8.0)
    - GoogleUtilities/Network (~> 8.0)
    - "GoogleUtilities/NSData+zlib (~> 8.0)"
    - nanopb (~> 3.30910.0)
  - GoogleSignIn (7.0.0):
    - AppAuth (~> 1.5)
    - GTMAppAuth (< 3.0, >= 1.3)
    - GTMSessionFetcher/Core (< 4.0, >= 1.1)
  - GoogleUtilities (8.0.2):
    - GoogleUtilities/AppDelegateSwizzler (= 8.0.2)
    - GoogleUtilities/Environment (= 8.0.2)
    - GoogleUtilities/Logger (= 8.0.2)
    - GoogleUtilities/MethodSwizzler (= 8.0.2)
    - GoogleUtilities/Network (= 8.0.2)
    - "GoogleUtilities/NSData+zlib (= 8.0.2)"
    - GoogleUtilities/Privacy (= 8.0.2)
    - GoogleUtilities/Reachability (= 8.0.2)
    - GoogleUtilities/SwizzlerTestHelpers (= 8.0.2)
    - GoogleUtilities/UserDefaults (= 8.0.2)
  - GoogleUtilities/AppDelegateSwizzler (8.0.2):
    - GoogleUtilities/Environment
    - GoogleUtilities/Logger
    - GoogleUtilities/Network
    - GoogleUtilities/Privacy
  - GoogleUtilities/Environment (8.0.2):
    - GoogleUtilities/Privacy
  - GoogleUtilities/Logger (8.0.2):
    - GoogleUtilities/Environment
    - GoogleUtilities/Privacy
  - GoogleUtilities/MethodSwizzler (8.0.2):
    - GoogleUtilities/Logger
    - GoogleUtilities/Privacy
  - GoogleUtilities/Network (8.0.2):
    - GoogleUtilities/Logger
    - "GoogleUtilities/NSData+zlib"
    - GoogleUtilities/Privacy
    - GoogleUtilities/Reachability
  - "GoogleUtilities/NSData+zlib (8.0.2)":
    - GoogleUtilities/Privacy
  - GoogleUtilities/Privacy (8.0.2)
  - GoogleUtilities/Reachability (8.0.2):
    - GoogleUtilities/Logger
    - GoogleUtilities/Privacy
  - GoogleUtilities/SwizzlerTestHelpers (8.0.2):
    - GoogleUtilities/MethodSwizzler
  - GoogleUtilities/UserDefaults (8.0.2):
    - GoogleUtilities/Logger
    - GoogleUtilities/Privacy
  - GTMAppAuth (2.0.0):
    - AppAuth/Core (~> 1.6)
    - GTMSessionFetcher/Core (< 4.0, >= 1.5)
  - GTMSessionFetcher/Core (3.5.0)
  - hermes-engine (0.70.12)
  - libevent (2.1.12)
  - lottie-ios (3.4.4)
  - lottie-react-native (5.1.6):
    - lottie-ios (~> 3.4.0)
    - React-Core
  - MultiplatformBleAdapter (0.2.0)
  - nanopb (3.30910.0):
    - nanopb/decode (= 3.30910.0)
    - nanopb/encode (= 3.30910.0)
  - nanopb/decode (3.30910.0)
  - nanopb/encode (3.30910.0)
  - Permission-BluetoothPeripheral (3.8.0):
    - RNPermissions
  - Permission-Camera (3.8.0):
    - RNPermissions
  - Permission-LocationAlways (3.8.0):
    - RNPermissions
  - Permission-LocationWhenInUse (3.8.0):
    - RNPermissions
  - PromisesObjC (2.4.0)
  - Protobuf (3.28.2)
  - RCT-Folly (2021.07.22.00):
    - boost
    - DoubleConversion
    - fmt (~> 6.2.1)
    - glog
    - RCT-Folly/Default (= 2021.07.22.00)
  - RCT-Folly/Default (2021.07.22.00):
    - boost
    - DoubleConversion
    - fmt (~> 6.2.1)
    - glog
  - RCT-Folly/Futures (2021.07.22.00):
    - boost
    - DoubleConversion
    - fmt (~> 6.2.1)
    - glog
    - libevent
  - RCTRequired (0.70.12)
  - RCTTypeSafety (0.70.12):
    - FBLazyVector (= 0.70.12)
    - RCTRequired (= 0.70.12)
    - React-Core (= 0.70.12)
  - React (0.70.12):
    - React-Core (= 0.70.12)
    - React-Core/DevSupport (= 0.70.12)
    - React-Core/RCTWebSocket (= 0.70.12)
    - React-RCTActionSheet (= 0.70.12)
    - React-RCTAnimation (= 0.70.12)
    - React-RCTBlob (= 0.70.12)
    - React-RCTImage (= 0.70.12)
    - React-RCTLinking (= 0.70.12)
    - React-RCTNetwork (= 0.70.12)
    - React-RCTSettings (= 0.70.12)
    - React-RCTText (= 0.70.12)
    - React-RCTVibration (= 0.70.12)
  - React-bridging (0.70.12):
    - RCT-Folly (= 2021.07.22.00)
    - React-jsi (= 0.70.12)
  - React-callinvoker (0.70.12)
  - React-Codegen (0.70.12):
    - FBReactNativeSpec (= 0.70.12)
    - RCT-Folly (= 2021.07.22.00)
    - RCTRequired (= 0.70.12)
    - RCTTypeSafety (= 0.70.12)
    - React-Core (= 0.70.12)
    - React-jsi (= 0.70.12)
    - React-jsiexecutor (= 0.70.12)
    - ReactCommon/turbomodule/core (= 0.70.12)
  - React-Core (0.70.12):
    - glog
    - RCT-Folly (= 2021.07.22.00)
    - React-Core/Default (= 0.70.12)
    - React-cxxreact (= 0.70.12)
    - React-jsi (= 0.70.12)
    - React-jsiexecutor (= 0.70.12)
    - React-perflogger (= 0.70.12)
    - Yoga
  - React-Core/CoreModulesHeaders (0.70.12):
    - glog
    - RCT-Folly (= 2021.07.22.00)
    - React-Core/Default
    - React-cxxreact (= 0.70.12)
    - React-jsi (= 0.70.12)
    - React-jsiexecutor (= 0.70.12)
    - React-perflogger (= 0.70.12)
    - Yoga
  - React-Core/Default (0.70.12):
    - glog
    - RCT-Folly (= 2021.07.22.00)
    - React-cxxreact (= 0.70.12)
    - React-jsi (= 0.70.12)
    - React-jsiexecutor (= 0.70.12)
    - React-perflogger (= 0.70.12)
    - Yoga
  - React-Core/DevSupport (0.70.12):
    - glog
    - RCT-Folly (= 2021.07.22.00)
    - React-Core/Default (= 0.70.12)
    - React-Core/RCTWebSocket (= 0.70.12)
    - React-cxxreact (= 0.70.12)
    - React-jsi (= 0.70.12)
    - React-jsiexecutor (= 0.70.12)
    - React-jsinspector (= 0.70.12)
    - React-perflogger (= 0.70.12)
    - Yoga
  - React-Core/RCTActionSheetHeaders (0.70.12):
    - glog
    - RCT-Folly (= 2021.07.22.00)
    - React-Core/Default
    - React-cxxreact (= 0.70.12)
    - React-jsi (= 0.70.12)
    - React-jsiexecutor (= 0.70.12)
    - React-perflogger (= 0.70.12)
    - Yoga
  - React-Core/RCTAnimationHeaders (0.70.12):
    - glog
    - RCT-Folly (= 2021.07.22.00)
    - React-Core/Default
    - React-cxxreact (= 0.70.12)
    - React-jsi (= 0.70.12)
    - React-jsiexecutor (= 0.70.12)
    - React-perflogger (= 0.70.12)
    - Yoga
  - React-Core/RCTBlobHeaders (0.70.12):
    - glog
    - RCT-Folly (= 2021.07.22.00)
    - React-Core/Default
    - React-cxxreact (= 0.70.12)
    - React-jsi (= 0.70.12)
    - React-jsiexecutor (= 0.70.12)
    - React-perflogger (= 0.70.12)
    - Yoga
  - React-Core/RCTImageHeaders (0.70.12):
    - glog
    - RCT-Folly (= 2021.07.22.00)
    - React-Core/Default
    - React-cxxreact (= 0.70.12)
    - React-jsi (= 0.70.12)
    - React-jsiexecutor (= 0.70.12)
    - React-perflogger (= 0.70.12)
    - Yoga
  - React-Core/RCTLinkingHeaders (0.70.12):
    - glog
    - RCT-Folly (= 2021.07.22.00)
    - React-Core/Default
    - React-cxxreact (= 0.70.12)
    - React-jsi (= 0.70.12)
    - React-jsiexecutor (= 0.70.12)
    - React-perflogger (= 0.70.12)
    - Yoga
  - React-Core/RCTNetworkHeaders (0.70.12):
    - glog
    - RCT-Folly (= 2021.07.22.00)
    - React-Core/Default
    - React-cxxreact (= 0.70.12)
    - React-jsi (= 0.70.12)
    - React-jsiexecutor (= 0.70.12)
    - React-perflogger (= 0.70.12)
    - Yoga
  - React-Core/RCTSettingsHeaders (0.70.12):
    - glog
    - RCT-Folly (= 2021.07.22.00)
    - React-Core/Default
    - React-cxxreact (= 0.70.12)
    - React-jsi (= 0.70.12)
    - React-jsiexecutor (= 0.70.12)
    - React-perflogger (= 0.70.12)
    - Yoga
  - React-Core/RCTTextHeaders (0.70.12):
    - glog
    - RCT-Folly (= 2021.07.22.00)
    - React-Core/Default
    - React-cxxreact (= 0.70.12)
    - React-jsi (= 0.70.12)
    - React-jsiexecutor (= 0.70.12)
    - React-perflogger (= 0.70.12)
    - Yoga
  - React-Core/RCTVibrationHeaders (0.70.12):
    - glog
    - RCT-Folly (= 2021.07.22.00)
    - React-Core/Default
    - React-cxxreact (= 0.70.12)
    - React-jsi (= 0.70.12)
    - React-jsiexecutor (= 0.70.12)
    - React-perflogger (= 0.70.12)
    - Yoga
  - React-Core/RCTWebSocket (0.70.12):
    - glog
    - RCT-Folly (= 2021.07.22.00)
    - React-Core/Default (= 0.70.12)
    - React-cxxreact (= 0.70.12)
    - React-jsi (= 0.70.12)
    - React-jsiexecutor (= 0.70.12)
    - React-perflogger (= 0.70.12)
    - Yoga
  - React-CoreModules (0.70.12):
    - RCT-Folly (= 2021.07.22.00)
    - RCTTypeSafety (= 0.70.12)
    - React-Codegen (= 0.70.12)
    - React-Core/CoreModulesHeaders (= 0.70.12)
    - React-jsi (= 0.70.12)
    - React-RCTImage (= 0.70.12)
    - ReactCommon/turbomodule/core (= 0.70.12)
  - React-cxxreact (0.70.12):
    - boost (= 1.76.0)
    - DoubleConversion
    - glog
    - RCT-Folly (= 2021.07.22.00)
    - React-callinvoker (= 0.70.12)
    - React-jsi (= 0.70.12)
    - React-jsinspector (= 0.70.12)
    - React-logger (= 0.70.12)
    - React-perflogger (= 0.70.12)
    - React-runtimeexecutor (= 0.70.12)
  - React-hermes (0.70.12):
    - DoubleConversion
    - glog
    - hermes-engine
    - RCT-Folly (= 2021.07.22.00)
    - RCT-Folly/Futures (= 2021.07.22.00)
    - React-cxxreact (= 0.70.12)
    - React-jsi (= 0.70.12)
    - React-jsiexecutor (= 0.70.12)
    - React-jsinspector (= 0.70.12)
    - React-perflogger (= 0.70.12)
  - React-jsi (0.70.12):
    - boost (= 1.76.0)
    - DoubleConversion
    - glog
    - RCT-Folly (= 2021.07.22.00)
    - React-jsi/Default (= 0.70.12)
  - React-jsi/Default (0.70.12):
    - boost (= 1.76.0)
    - DoubleConversion
    - glog
    - RCT-Folly (= 2021.07.22.00)
  - React-jsiexecutor (0.70.12):
    - DoubleConversion
    - glog
    - RCT-Folly (= 2021.07.22.00)
    - React-cxxreact (= 0.70.12)
    - React-jsi (= 0.70.12)
    - React-perflogger (= 0.70.12)
  - React-jsinspector (0.70.12)
  - React-logger (0.70.12):
    - glog
  - react-native-ble-plx (3.2.0):
    - MultiplatformBleAdapter (= 0.2.0)
    - React-Core
  - react-native-camera (4.2.1):
    - React-Core
    - react-native-camera/RCT (= 4.2.1)
    - react-native-camera/RN (= 4.2.1)
  - react-native-camera/RCT (4.2.1):
    - React-Core
  - react-native-camera/RN (4.2.1):
    - React-Core
  - react-native-date-picker (4.4.2):
    - React-Core
  - react-native-esp-idf-provisioning (0.2.16):
    - ESPProvision (~> 2.1)
    - React-Core
  - react-native-geolocation (3.2.1):
    - React-Core
  - react-native-image-picker (5.7.0):
    - React-Core
  - react-native-netinfo (11.3.2):
    - React-Core
  - react-native-safari-web-auth (1.0.4):
    - React
  - react-native-safe-area-context (4.10.5):
    - React-Core
  - react-native-slider (4.5.2):
    - React-Core
  - react-native-splash-screen (3.3.0):
    - React-Core
  - React-perflogger (0.70.12)
  - React-RCTActionSheet (0.70.12):
    - React-Core/RCTActionSheetHeaders (= 0.70.12)
  - React-RCTAnimation (0.70.12):
    - RCT-Folly (= 2021.07.22.00)
    - RCTTypeSafety (= 0.70.12)
    - React-Codegen (= 0.70.12)
    - React-Core/RCTAnimationHeaders (= 0.70.12)
    - React-jsi (= 0.70.12)
    - ReactCommon/turbomodule/core (= 0.70.12)
  - React-RCTBlob (0.70.12):
    - RCT-Folly (= 2021.07.22.00)
    - React-Codegen (= 0.70.12)
    - React-Core/RCTBlobHeaders (= 0.70.12)
    - React-Core/RCTWebSocket (= 0.70.12)
    - React-jsi (= 0.70.12)
    - React-RCTNetwork (= 0.70.12)
    - ReactCommon/turbomodule/core (= 0.70.12)
  - React-RCTImage (0.70.12):
    - RCT-Folly (= 2021.07.22.00)
    - RCTTypeSafety (= 0.70.12)
    - React-Codegen (= 0.70.12)
    - React-Core/RCTImageHeaders (= 0.70.12)
    - React-jsi (= 0.70.12)
    - React-RCTNetwork (= 0.70.12)
    - ReactCommon/turbomodule/core (= 0.70.12)
  - React-RCTLinking (0.70.12):
    - React-Codegen (= 0.70.12)
    - React-Core/RCTLinkingHeaders (= 0.70.12)
    - React-jsi (= 0.70.12)
    - ReactCommon/turbomodule/core (= 0.70.12)
  - React-RCTNetwork (0.70.12):
    - RCT-Folly (= 2021.07.22.00)
    - RCTTypeSafety (= 0.70.12)
    - React-Codegen (= 0.70.12)
    - React-Core/RCTNetworkHeaders (= 0.70.12)
    - React-jsi (= 0.70.12)
    - ReactCommon/turbomodule/core (= 0.70.12)
  - React-RCTSettings (0.70.12):
    - RCT-Folly (= 2021.07.22.00)
    - RCTTypeSafety (= 0.70.12)
    - React-Codegen (= 0.70.12)
    - React-Core/RCTSettingsHeaders (= 0.70.12)
    - React-jsi (= 0.70.12)
    - ReactCommon/turbomodule/core (= 0.70.12)
  - React-RCTText (0.70.12):
    - React-Core/RCTTextHeaders (= 0.70.12)
  - React-RCTVibration (0.70.12):
    - RCT-Folly (= 2021.07.22.00)
    - React-Codegen (= 0.70.12)
    - React-Core/RCTVibrationHeaders (= 0.70.12)
    - React-jsi (= 0.70.12)
    - ReactCommon/turbomodule/core (= 0.70.12)
  - React-runtimeexecutor (0.70.12):
    - React-jsi (= 0.70.12)
  - ReactCommon/turbomodule/core (0.70.12):
    - DoubleConversion
    - glog
    - RCT-Folly (= 2021.07.22.00)
    - React-bridging (= 0.70.12)
    - React-callinvoker (= 0.70.12)
    - React-Core (= 0.70.12)
    - React-cxxreact (= 0.70.12)
    - React-jsi (= 0.70.12)
    - React-logger (= 0.70.12)
    - React-perflogger (= 0.70.12)
  - ReactNativeGetLocation (4.0.1):
    - React-Core
  - rn-fetch-blob (0.12.0):
    - React-Core
  - RNAppleAuthentication (2.3.0):
    - React-Core
  - RNCAsyncStorage (1.23.1):
    - React-Core
  - RNCPicker (2.7.7):
    - React-Core
  - RNCPushNotificationIOS (1.11.0):
    - React-Core
  - RNGestureHandler (2.17.1):
    - React-Core
  - RNGoogleSignin (11.0.1):
    - GoogleSignIn (~> 7.0.0)
    - React-Core
  - RNInAppBrowser (3.7.0):
    - React-Core
  - RNPermissions (3.8.0):
    - React-Core
  - RNReverseGeocode (0.0.7):
    - React
  - RNScreens (3.32.0):
    - React-Core
    - React-RCTImage
  - RNSVG (14.2.0):
    - React-Core
  - RNVectorIcons (9.2.0):
    - React-Core
  - SwiftProtobuf (1.22.1)
  - VisionCamera (2.16.8):
    - React
    - React-callinvoker
    - React-Core
  - Yoga (1.14.0)

DEPENDENCIES:
  - boost (from `../node_modules/react-native/third-party-podspecs/boost.podspec`)
  - BVLinearGradient (from `../node_modules/react-native-linear-gradient`)
  - DoubleConversion (from `../node_modules/react-native/third-party-podspecs/DoubleConversion.podspec`)
  - ESPProvision
  - FBLazyVector (from `../node_modules/react-native/Libraries/FBLazyVector`)
  - FBReactNativeSpec (from `../node_modules/react-native/React/FBReactNativeSpec`)
  - Firebase
  - FirebaseCore
  - FirebaseCoreInternal
  - glog (from `../node_modules/react-native/third-party-podspecs/glog.podspec`)
  - GoogleUtilities
  - hermes-engine (from `../node_modules/react-native/sdks/hermes/hermes-engine.podspec`)
  - libevent (~> 2.1.12)
  - lottie-react-native (from `../node_modules/lottie-react-native`)
  - Permission-BluetoothPeripheral (from `../node_modules/react-native-permissions/ios/BluetoothPeripheral/Permission-BluetoothPeripheral.podspec`)
  - Permission-Camera (from `../node_modules/react-native-permissions/ios/Camera/Permission-Camera.podspec`)
  - Permission-LocationAlways (from `../node_modules/react-native-permissions/ios/LocationAlways/Permission-LocationAlways.podspec`)
  - Permission-LocationWhenInUse (from `../node_modules/react-native-permissions/ios/LocationWhenInUse/Permission-LocationWhenInUse.podspec`)
  - Protobuf
  - RCT-Folly (from `../node_modules/react-native/third-party-podspecs/RCT-Folly.podspec`)
  - RCTRequired (from `../node_modules/react-native/Libraries/RCTRequired`)
  - RCTTypeSafety (from `../node_modules/react-native/Libraries/TypeSafety`)
  - React (from `../node_modules/react-native/`)
  - React-bridging (from `../node_modules/react-native/ReactCommon`)
  - React-callinvoker (from `../node_modules/react-native/ReactCommon/callinvoker`)
  - React-Codegen (from `build/generated/ios`)
  - React-Core (from `../node_modules/react-native/`)
  - React-Core/RCTWebSocket (from `../node_modules/react-native/`)
  - React-CoreModules (from `../node_modules/react-native/React/CoreModules`)
  - React-cxxreact (from `../node_modules/react-native/ReactCommon/cxxreact`)
  - React-hermes (from `../node_modules/react-native/ReactCommon/hermes`)
  - React-jsi (from `../node_modules/react-native/ReactCommon/jsi`)
  - React-jsiexecutor (from `../node_modules/react-native/ReactCommon/jsiexecutor`)
  - React-jsinspector (from `../node_modules/react-native/ReactCommon/jsinspector`)
  - React-logger (from `../node_modules/react-native/ReactCommon/logger`)
  - react-native-ble-plx (from `../node_modules/react-native-ble-plx`)
  - react-native-camera (from `../node_modules/react-native-camera`)
  - react-native-date-picker (from `../node_modules/react-native-date-picker`)
  - "react-native-esp-idf-provisioning (from `../node_modules/@orbital-systems/react-native-esp-idf-provisioning`)"
  - "react-native-geolocation (from `../node_modules/@react-native-community/geolocation`)"
  - react-native-image-picker (from `../node_modules/react-native-image-picker`)
  - "react-native-netinfo (from `../node_modules/@react-native-community/netinfo`)"
  - react-native-safari-web-auth (from `../node_modules/react-native-safari-web-auth`)
  - react-native-safe-area-context (from `../node_modules/react-native-safe-area-context`)
  - "react-native-slider (from `../node_modules/@react-native-community/slider`)"
  - react-native-splash-screen (from `../node_modules/react-native-splash-screen`)
  - React-perflogger (from `../node_modules/react-native/ReactCommon/reactperflogger`)
  - React-RCTActionSheet (from `../node_modules/react-native/Libraries/ActionSheetIOS`)
  - React-RCTAnimation (from `../node_modules/react-native/Libraries/NativeAnimation`)
  - React-RCTBlob (from `../node_modules/react-native/Libraries/Blob`)
  - React-RCTImage (from `../node_modules/react-native/Libraries/Image`)
  - React-RCTLinking (from `../node_modules/react-native/Libraries/LinkingIOS`)
  - React-RCTNetwork (from `../node_modules/react-native/Libraries/Network`)
  - React-RCTSettings (from `../node_modules/react-native/Libraries/Settings`)
  - React-RCTText (from `../node_modules/react-native/Libraries/Text`)
  - React-RCTVibration (from `../node_modules/react-native/Libraries/Vibration`)
  - React-runtimeexecutor (from `../node_modules/react-native/ReactCommon/runtimeexecutor`)
  - ReactCommon/turbomodule/core (from `../node_modules/react-native/ReactCommon`)
  - ReactNativeGetLocation (from `../node_modules/react-native-get-location`)
  - rn-fetch-blob (from `../node_modules/rn-fetch-blob`)
  - "RNAppleAuthentication (from `../node_modules/@invertase/react-native-apple-authentication`)"
  - "RNCAsyncStorage (from `../node_modules/@react-native-async-storage/async-storage`)"
  - "RNCPicker (from `../node_modules/@react-native-picker/picker`)"
  - "RNCPushNotificationIOS (from `../node_modules/@react-native-community/push-notification-ios`)"
  - RNGestureHandler (from `../node_modules/react-native-gesture-handler`)
  - "RNGoogleSignin (from `../node_modules/@react-native-google-signin/google-signin`)"
  - RNInAppBrowser (from `../node_modules/react-native-inappbrowser-reborn`)
  - RNPermissions (from `../node_modules/react-native-permissions`)
  - "RNReverseGeocode (from `../node_modules/@kiwicom/react-native-reverse-geocode`)"
  - RNScreens (from `../node_modules/react-native-screens`)
  - RNSVG (from `../node_modules/react-native-svg`)
  - RNVectorIcons (from `../node_modules/react-native-vector-icons`)
  - VisionCamera (from `../node_modules/react-native-vision-camera`)
  - Yoga (from `../node_modules/react-native/ReactCommon/yoga`)

SPEC REPOS:
  trunk:
    - AppAuth
    - ESPProvision
    - Firebase
    - FirebaseAnalytics
    - FirebaseCore
    - FirebaseCoreInternal
    - FirebaseInstallations
    - fmt
    - GoogleAppMeasurement
    - GoogleSignIn
    - GoogleUtilities
    - GTMAppAuth
    - GTMSessionFetcher
    - libevent
    - lottie-ios
    - MultiplatformBleAdapter
    - nanopb
    - PromisesObjC
    - Protobuf
    - SwiftProtobuf

EXTERNAL SOURCES:
  boost:
    :podspec: "../node_modules/react-native/third-party-podspecs/boost.podspec"
  BVLinearGradient:
    :path: "../node_modules/react-native-linear-gradient"
  DoubleConversion:
    :podspec: "../node_modules/react-native/third-party-podspecs/DoubleConversion.podspec"
  FBLazyVector:
    :path: "../node_modules/react-native/Libraries/FBLazyVector"
  FBReactNativeSpec:
    :path: "../node_modules/react-native/React/FBReactNativeSpec"
  glog:
    :podspec: "../node_modules/react-native/third-party-podspecs/glog.podspec"
  hermes-engine:
    :podspec: "../node_modules/react-native/sdks/hermes/hermes-engine.podspec"
  lottie-react-native:
    :path: "../node_modules/lottie-react-native"
  Permission-BluetoothPeripheral:
    :path: "../node_modules/react-native-permissions/ios/BluetoothPeripheral/Permission-BluetoothPeripheral.podspec"
  Permission-Camera:
    :path: "../node_modules/react-native-permissions/ios/Camera/Permission-Camera.podspec"
  Permission-LocationAlways:
    :path: "../node_modules/react-native-permissions/ios/LocationAlways/Permission-LocationAlways.podspec"
  Permission-LocationWhenInUse:
    :path: "../node_modules/react-native-permissions/ios/LocationWhenInUse/Permission-LocationWhenInUse.podspec"
  RCT-Folly:
    :podspec: "../node_modules/react-native/third-party-podspecs/RCT-Folly.podspec"
  RCTRequired:
    :path: "../node_modules/react-native/Libraries/RCTRequired"
  RCTTypeSafety:
    :path: "../node_modules/react-native/Libraries/TypeSafety"
  React:
    :path: "../node_modules/react-native/"
  React-bridging:
    :path: "../node_modules/react-native/ReactCommon"
  React-callinvoker:
    :path: "../node_modules/react-native/ReactCommon/callinvoker"
  React-Codegen:
    :path: build/generated/ios
  React-Core:
    :path: "../node_modules/react-native/"
  React-CoreModules:
    :path: "../node_modules/react-native/React/CoreModules"
  React-cxxreact:
    :path: "../node_modules/react-native/ReactCommon/cxxreact"
  React-hermes:
    :path: "../node_modules/react-native/ReactCommon/hermes"
  React-jsi:
    :path: "../node_modules/react-native/ReactCommon/jsi"
  React-jsiexecutor:
    :path: "../node_modules/react-native/ReactCommon/jsiexecutor"
  React-jsinspector:
    :path: "../node_modules/react-native/ReactCommon/jsinspector"
  React-logger:
    :path: "../node_modules/react-native/ReactCommon/logger"
  react-native-ble-plx:
    :path: "../node_modules/react-native-ble-plx"
  react-native-camera:
    :path: "../node_modules/react-native-camera"
  react-native-date-picker:
    :path: "../node_modules/react-native-date-picker"
  react-native-esp-idf-provisioning:
    :path: "../node_modules/@orbital-systems/react-native-esp-idf-provisioning"
  react-native-geolocation:
    :path: "../node_modules/@react-native-community/geolocation"
  react-native-image-picker:
    :path: "../node_modules/react-native-image-picker"
  react-native-netinfo:
    :path: "../node_modules/@react-native-community/netinfo"
  react-native-safari-web-auth:
    :path: "../node_modules/react-native-safari-web-auth"
  react-native-safe-area-context:
    :path: "../node_modules/react-native-safe-area-context"
  react-native-slider:
    :path: "../node_modules/@react-native-community/slider"
  react-native-splash-screen:
    :path: "../node_modules/react-native-splash-screen"
  React-perflogger:
    :path: "../node_modules/react-native/ReactCommon/reactperflogger"
  React-RCTActionSheet:
    :path: "../node_modules/react-native/Libraries/ActionSheetIOS"
  React-RCTAnimation:
    :path: "../node_modules/react-native/Libraries/NativeAnimation"
  React-RCTBlob:
    :path: "../node_modules/react-native/Libraries/Blob"
  React-RCTImage:
    :path: "../node_modules/react-native/Libraries/Image"
  React-RCTLinking:
    :path: "../node_modules/react-native/Libraries/LinkingIOS"
  React-RCTNetwork:
    :path: "../node_modules/react-native/Libraries/Network"
  React-RCTSettings:
    :path: "../node_modules/react-native/Libraries/Settings"
  React-RCTText:
    :path: "../node_modules/react-native/Libraries/Text"
  React-RCTVibration:
    :path: "../node_modules/react-native/Libraries/Vibration"
  React-runtimeexecutor:
    :path: "../node_modules/react-native/ReactCommon/runtimeexecutor"
  ReactCommon:
    :path: "../node_modules/react-native/ReactCommon"
  ReactNativeGetLocation:
    :path: "../node_modules/react-native-get-location"
  rn-fetch-blob:
    :path: "../node_modules/rn-fetch-blob"
  RNAppleAuthentication:
    :path: "../node_modules/@invertase/react-native-apple-authentication"
  RNCAsyncStorage:
    :path: "../node_modules/@react-native-async-storage/async-storage"
  RNCPicker:
    :path: "../node_modules/@react-native-picker/picker"
  RNCPushNotificationIOS:
    :path: "../node_modules/@react-native-community/push-notification-ios"
  RNGestureHandler:
    :path: "../node_modules/react-native-gesture-handler"
  RNGoogleSignin:
    :path: "../node_modules/@react-native-google-signin/google-signin"
  RNInAppBrowser:
    :path: "../node_modules/react-native-inappbrowser-reborn"
  RNPermissions:
    :path: "../node_modules/react-native-permissions"
  RNReverseGeocode:
    :path: "../node_modules/@kiwicom/react-native-reverse-geocode"
  RNScreens:
    :path: "../node_modules/react-native-screens"
  RNSVG:
    :path: "../node_modules/react-native-svg"
  RNVectorIcons:
    :path: "../node_modules/react-native-vector-icons"
  VisionCamera:
    :path: "../node_modules/react-native-vision-camera"
  Yoga:
    :path: "../node_modules/react-native/ReactCommon/yoga"

SPEC CHECKSUMS:
  AppAuth: 501c04eda8a8d11f179dbe8637b7a91bb7e5d2fa
  boost: e371a6a63a61dc3c8f0f481ba0b8a22a8e93640c
  BVLinearGradient: 880f91a7854faff2df62518f0281afb1c60d49a3
  DoubleConversion: 5189b271737e1565bdce30deb4a08d647e3f5f54
  ESPProvision: f05031824999e3493e5e90b7c74d0aebcd7777d0
  FBLazyVector: ad10768c7e516954e6f26b7e923eb27cda4f9895
  FBReactNativeSpec: e957ece605f33719f85d08ebb85bc862e968098b
  Firebase: 98e6bf5278170668a7983e12971a66b2cd57fc8c
  FirebaseAnalytics: c36efd5710c60c17558650fa58c2066eca7e9265
  FirebaseCore: a282032ae9295c795714ded2ec9c522fc237f8da
  FirebaseCoreInternal: ac26d09a70c730e497936430af4e60fb0c68ec4e
  FirebaseInstallations: 58cf94dabf1e2bb2fa87725a9be5c2249171cda0
  fmt: ff9d55029c625d3757ed641535fd4a75fedc7ce9
  glog: 04b94705f318337d7ead9e6d17c019bd9b1f6b1b
  GoogleAppMeasurement: 76d4f8b36b03bd8381fa9a7fe2cc7f99c0a2e93a
  GoogleSignIn: b232380cf495a429b8095d3178a8d5855b42e842
  GoogleUtilities: 26a3abef001b6533cf678d3eb38fd3f614b7872d
  GTMAppAuth: 99fb010047ba3973b7026e45393f51f27ab965ae
  GTMSessionFetcher: 5aea5ba6bd522a239e236100971f10cb71b96ab6
  hermes-engine: 9ae9c0a1ad0ca69b7e3abc1533b6beb01a3ba4ef
  libevent: 4049cae6c81cdb3654a443be001fb9bdceff7913
  lottie-ios: 8f97d3271e155c2d688875c29cd3c74908aef5f8
  lottie-react-native: 8f9d4be452e23f6e5ca0fdc11669dc99ab52be81
  MultiplatformBleAdapter: b1fddd0d499b96b607e00f0faa8e60648343dc1d
  nanopb: fad817b59e0457d11a5dfbde799381cd727c1275
  Permission-BluetoothPeripheral: 2d2d32c4651752655c19345abbb45ad15651f987
  Permission-Camera: e6d142d7d8b714afe0a83e5e6ae17eb949f1e3e9
  Permission-LocationAlways: e7ce67f3091ec096b6ac274bc30a18830a66b33c
  Permission-LocationWhenInUse: 1c80e4797ae587642a83125e80b86686cefeba53
  PromisesObjC: f5707f49cb48b9636751c5b2e7d227e43fba9f47
  Protobuf: 28c89b24435762f60244e691544ed80f50d82701
  RCT-Folly: 0080d0a6ebf2577475bda044aa59e2ca1f909cda
  RCTRequired: 1ec311d9574032834439a18d3bffcaa3b55109a7
  RCTTypeSafety: 711ee78f0aedbc3cd2870c4a838b1e332470d1fd
  React: 04bbca489deec39a10ff9b671fdfc28f390b18d4
  React-bridging: 9873291a42e92403d6819498b9eda22ab8f1330d
  React-callinvoker: a24dfff19ecf1c7afe283c21783f9266a05452a1
  React-Codegen: 9c8c438b22697f336d4b07018beda7b29fe20059
  React-Core: e6d02d5186afb4c53fe9a72f46b19bee06289007
  React-CoreModules: 9a183975c84272bde87e949a66192857efa82c68
  React-cxxreact: 6993f3ad248e69f03a0a4b55cf94d3e3d7457c29
  React-hermes: 077da24641ea4b63a137e0d2ba98e67f48f5eb7a
  React-jsi: da00dbc79cbb1a9d45a7a0f957a89601b5c75e14
  React-jsiexecutor: 8ab6379cd3abec21019c9fed3c506750f905bb3c
  React-jsinspector: ffb090a5d57aab834dee2791b1867a17bf37f26f
  React-logger: 00be0dc9dacb7b23f3ab4d78aadccb4b72f24b31
  react-native-ble-plx: 14484dfefe92b912e235401e5f4ea8fac1590249
  react-native-camera: 3eae183c1d111103963f3dd913b65d01aef8110f
  react-native-date-picker: 312c387d2ff873c66c5e4cf78ff6827fa91644e2
  react-native-esp-idf-provisioning: 7de5f43dd5bbe389dd3276591ecd4153276ce04a
  react-native-geolocation: 491408e38ed91f999525600867e579e715f3465a
  react-native-image-picker: 3269f75c251cdcd61ab51b911dd30d6fff8c6169
  react-native-netinfo: 076df4f9b07f6670acf4ce9a75aac8d34c2e2ccc
  react-native-safari-web-auth: b6642abaa8084a8e5addba1cba4521fd30b95b64
  react-native-safe-area-context: a240ad4b683349e48b1d51fed1611138d1bdad97
  react-native-slider: bc212e8d10ee28f51cd0db28c7f23827e6adec0a
  react-native-splash-screen: 4312f786b13a81b5169ef346d76d33bc0c6dc457
  React-perflogger: c0b9c0ab8cbaf732694cd776645b3161d128784d
  React-RCTActionSheet: c2b26d0be4e6e48ed6b4666345da16c8f7933b7b
  React-RCTAnimation: cc36ff278cd41365c98eeec3c8d1fa86e2fc2392
  React-RCTBlob: 648b946caa1daaf4f7fef1c2e6ed64d8b658598c
  React-RCTImage: 9e57ebc138ac6df26d5382a3de644a80b74806e9
  React-RCTLinking: 0f23d86615eb7782cd59703ff476be9f278ada00
  React-RCTNetwork: bedf8874619b6b21b30085eb6562be280c481a1b
  React-RCTSettings: 969e0d42aca4b4965fad006fc835d67b30be03a8
  React-RCTText: bfff536e94ff407cf53470f271ba50976768fa50
  React-RCTVibration: 89e72d020ee2848022ee214f0542facafe91110a
  React-runtimeexecutor: 6bedb63b3de0c5c3bb3cc44595431e2a91c24da2
  ReactCommon: 2642dd48fe3def7738d85f747c05fdd8c3a47950
  ReactNativeGetLocation: b4379a01dff72507d9abce5f4d569b98abef7761
  rn-fetch-blob: f065bb7ab7fb48dd002629f8bdcb0336602d3cba
  RNAppleAuthentication: e99eaf3c4c01ad8ecb6125dd6f0cfd98871685b5
  RNCAsyncStorage: 826b603ae9c0f88b5ac4e956801f755109fa4d5c
  RNCPicker: b7873ba797dc586bfaf3307d737cbdc620a9ff3e
  RNCPushNotificationIOS: 64218f3c776c03d7408284a819b2abfda1834bc8
  RNGestureHandler: 30704285c8ef803f7705f92dd9428261ed756e24
  RNGoogleSignin: 24d3b3261f78b0fae0aa013f8ab6f8d25e369b0c
  RNInAppBrowser: e36d6935517101ccba0e875bac8ad7b0cb655364
  RNPermissions: 215c54462104b3925b412b0fb3c9c497b21c358b
  RNReverseGeocode: c2c1d1593e4e09804fbb2643a2ea80fa031a9543
  RNScreens: afdbd43bcd6c81559917054da18ad101b4395000
  RNSVG: 963a95f1f5d512a13d11ffd50d351c87fb5c6890
  RNVectorIcons: fcc2f6cb32f5735b586e66d14103a74ce6ad61f8
  SwiftProtobuf: 7773c4e96a99d7b8ab7cda0fc30a883732ff93b1
  VisionCamera: 60d64bfbba8650f07c7732652526ba44d825b2e3
  Yoga: bb774af243598f7f860127c6e9ac7b62fb6519c4

PODFILE CHECKSUM: a47568469e01b0b57db4dd7a89db705f2baacf9f

COCOAPODS: 1.16.2
